
Microsoft Visual Studio Solution File, Format Version 12.00
# Visual Studio Version 17
VisualStudioVersion = 17.4.33110.190
MinimumVisualStudioVersion = 10.0.40219.1
Project("{FAE04EC0-301F-11D3-BF4B-00C04F79EFBC}") = "GymTrackerAPI", "GymTrackerAPI\GymTrackerAPI.csproj", "{50CFE593-06D9-44C6-B05A-6783BB1B5449}"
EndProject
Global
	GlobalSection(SolutionConfigurationPlatforms) = preSolution
		Debug|Any CPU = Debug|Any CPU
		Release|Any CPU = Release|Any CPU
	EndGlobalSection
	GlobalSection(ProjectConfigurationPlatforms) = postSolution
		{50CFE593-06D9-44C6-B05A-6783BB1B5449}.Debug|Any CPU.ActiveCfg = Debug|Any CPU
		{50CFE593-06D9-44C6-B05A-6783BB1B5449}.Debug|Any CPU.Build.0 = Debug|Any CPU
		{50CFE593-06D9-44C6-B05A-6783BB1B5449}.Release|Any CPU.ActiveCfg = Release|Any CPU
		{50CFE593-06D9-44C6-B05A-6783BB1B5449}.Release|Any CPU.Build.0 = Release|Any CPU
	EndGlobalSection
	GlobalSection(SolutionProperties) = preSolution
		HideSolutionNode = FALSE
	EndGlobalSection
	GlobalSection(ExtensibilityGlobals) = postSolution
		SolutionGuid = {5A1128CD-7374-46DD-B798-0B9B35E8FAF5}
	EndGlobalSection
EndGlobal
